
Microsoft Visual Studio Solution File, Format Version 12.00
# Visual Studio 15
VisualStudioVersion = 15.0.27130.2010
MinimumVisualStudioVersion = 10.0.40219.1
Project("{FAE04EC0-301F-11D3-BF4B-00C04F79EFBC}") = "AudioStorageService", "AudioStorageService\AudioStorageService.csproj", "{0FC1EC29-B157-4BF9-AD98-8D2FB1D0221C}"
EndProject
Project("{E53339B2-1760-4266-BCC7-CA923CBCF16C}") = "docker-compose", "docker-compose.dcproj", "{38144375-20D4-4111-B991-057186B8722B}"
EndProject
Global
	GlobalSection(SolutionConfigurationPlatforms) = preSolution
		Debug|Any CPU = Debug|Any CPU
		Release|Any CPU = Release|Any CPU
	EndGlobalSection
	GlobalSection(ProjectConfigurationPlatforms) = postSolution
		{0FC1EC29-B157-4BF9-AD98-8D2FB1D0221C}.Debug|Any CPU.ActiveCfg = Debug|Any CPU
		{0FC1EC29-B157-4BF9-AD98-8D2FB1D0221C}.Debug|Any CPU.Build.0 = Debug|Any CPU
		{0FC1EC29-B157-4BF9-AD98-8D2FB1D0221C}.Release|Any CPU.ActiveCfg = Release|Any CPU
		{0FC1EC29-B157-4BF9-AD98-8D2FB1D0221C}.Release|Any CPU.Build.0 = Release|Any CPU
		{38144375-20D4-4111-B991-057186B8722B}.Debug|Any CPU.ActiveCfg = Debug|Any CPU
		{38144375-20D4-4111-B991-057186B8722B}.Debug|Any CPU.Build.0 = Debug|Any CPU
		{38144375-20D4-4111-B991-057186B8722B}.Release|Any CPU.ActiveCfg = Release|Any CPU
		{38144375-20D4-4111-B991-057186B8722B}.Release|Any CPU.Build.0 = Release|Any CPU
	EndGlobalSection
	GlobalSection(SolutionProperties) = preSolution
		HideSolutionNode = FALSE
	EndGlobalSection
	GlobalSection(ExtensibilityGlobals) = postSolution
		SolutionGuid = {C2F0EE32-FBF3-4128-AC7E-D17E980AF34A}
	EndGlobalSection
EndGlobal
